
Microsoft Visual Studio Solution File, Format Version 12.00
# Visual Studio Version 16
VisualStudioVersion = 16.0.31829.152
MinimumVisualStudioVersion = 10.0.40219.1
Project("{FAE04EC0-301F-11D3-BF4B-00C04F79EFBC}") = "freeapplications", "freeapplications\freeapplications.csproj", "{A7A0DB3D-6CCD-4AC3-9ABD-4668E4C98BD6}"
EndProject
Project("{FAE04EC0-301F-11D3-BF4B-00C04F79EFBC}") = "Metotuygulama", "Metotuygulama\Metotuygulama.csproj", "{4BAA49F7-B635-40ED-AB1B-1AC9A01697F1}"
EndProject
Global
	GlobalSection(SolutionConfigurationPlatforms) = preSolution
		Debug|Any CPU = Debug|Any CPU
		Release|Any CPU = Release|Any CPU
	EndGlobalSection
	GlobalSection(ProjectConfigurationPlatforms) = postSolution
		{A7A0DB3D-6CCD-4AC3-9ABD-4668E4C98BD6}.Debug|Any CPU.ActiveCfg = Debug|Any CPU
		{A7A0DB3D-6CCD-4AC3-9ABD-4668E4C98BD6}.Debug|Any CPU.Build.0 = Debug|Any CPU
		{A7A0DB3D-6CCD-4AC3-9ABD-4668E4C98BD6}.Release|Any CPU.ActiveCfg = Release|Any CPU
		{A7A0DB3D-6CCD-4AC3-9ABD-4668E4C98BD6}.Release|Any CPU.Build.0 = Release|Any CPU
		{4BAA49F7-B635-40ED-AB1B-1AC9A01697F1}.Debug|Any CPU.ActiveCfg = Debug|Any CPU
		{4BAA49F7-B635-40ED-AB1B-1AC9A01697F1}.Debug|Any CPU.Build.0 = Debug|Any CPU
		{4BAA49F7-B635-40ED-AB1B-1AC9A01697F1}.Release|Any CPU.ActiveCfg = Release|Any CPU
		{4BAA49F7-B635-40ED-AB1B-1AC9A01697F1}.Release|Any CPU.Build.0 = Release|Any CPU
	EndGlobalSection
	GlobalSection(SolutionProperties) = preSolution
		HideSolutionNode = FALSE
	EndGlobalSection
	GlobalSection(ExtensibilityGlobals) = postSolution
		SolutionGuid = {41BDE5AB-B4CC-48FF-BDB0-E9AD8A8A36AD}
	EndGlobalSection
EndGlobal
